// !$*UTF8*$!
{
	archiveVersion = 1;
	classes = {
	};
	objectVersion = 46;
	objects = {

/* Begin PBXBuildFile section */
		0441E65F90F7049DBDAD0DF2 /* Pods_CalenderUITests.framework in Frameworks */ = {isa = PBXBuildFile; fileRef = CE017672D86243A94992FC45 /* Pods_CalenderUITests.framework */; };
		112DC6026536389E76F19364 /* Pods_CalenderTests.framework in Frameworks */ = {isa = PBXBuildFile; fileRef = EE907BF403B2205D7526925F /* Pods_CalenderTests.framework */; };
		41050ADA1FC5919D00C0A051 /* CellTryViewController.swift in Sources */ = {isa = PBXBuildFile; fileRef = 41050AD91FC5919D00C0A051 /* CellTryViewController.swift */; };
		41050AE21FCD70AD00C0A051 /* CustumTableCell.swift in Sources */ = {isa = PBXBuildFile; fileRef = 41050AE01FCD70AD00C0A051 /* CustumTableCell.swift */; };
		41050AE31FCD70AD00C0A051 /* CustumTableCell.xib in Resources */ = {isa = PBXBuildFile; fileRef = 41050AE11FCD70AD00C0A051 /* CustumTableCell.xib */; };
		41122CAE1F55781500DA3612 /* SVProgressHUD.framework in Frameworks */ = {isa = PBXBuildFile; fileRef = 41122CAD1F55781500DA3612 /* SVProgressHUD.framework */; };
		41122CB01F557F9700DA3612 /* DeviceSize.swift in Sources */ = {isa = PBXBuildFile; fileRef = 41122CAF1F557F9700DA3612 /* DeviceSize.swift */; };
		412342E31FB1BDE600712D00 /* ViewController.swift in Sources */ = {isa = PBXBuildFile; fileRef = 412342E21FB1BDE600712D00 /* ViewController.swift */; };
		412342E51FB1BE6D00712D00 /* ShowController.swift in Sources */ = {isa = PBXBuildFile; fileRef = 412342E41FB1BE6D00712D00 /* ShowController.swift */; };
		412342E91FB1BF2700712D00 /* EditController.swift in Sources */ = {isa = PBXBuildFile; fileRef = 412342E81FB1BF2700712D00 /* EditController.swift */; };
		412342EF1FB1BF9200712D00 /* SettingController.swift in Sources */ = {isa = PBXBuildFile; fileRef = 412342EE1FB1BF9200712D00 /* SettingController.swift */; };
		412342F41FB1C24100712D00 /* DateManager.swift in Sources */ = {isa = PBXBuildFile; fileRef = 412342F31FB1C24100712D00 /* DateManager.swift */; };
		413A6A662032F5D000238BD2 /* icon.png in Resources */ = {isa = PBXBuildFile; fileRef = 413A6A652032F5D000238BD2 /* icon.png */; };
		413A6A682032FB1F00238BD2 /* nil.png in Resources */ = {isa = PBXBuildFile; fileRef = 413A6A672032FB1F00238BD2 /* nil.png */; };
		413A6A6A2032FBD700238BD2 /* にる.png in Resources */ = {isa = PBXBuildFile; fileRef = 413A6A692032FBD700238BD2 /* にる.png */; };
		413A6A71203C1C9000238BD2 /* User.swift in Sources */ = {isa = PBXBuildFile; fileRef = 413A6A70203C1C9000238BD2 /* User.swift */; };
		4182FD861F55728D000E750E /* PlaceHolderTextView.swift in Sources */ = {isa = PBXBuildFile; fileRef = 4182FD851F55728D000E750E /* PlaceHolderTextView.swift */; };
		418BA16A1F359D930084413F /* GoogleService-Info.plist in Resources */ = {isa = PBXBuildFile; fileRef = 418BA1691F359D930084413F /* GoogleService-Info.plist */; };
		41A706CB1E91F18900F43E9F /* Diary.swift in Sources */ = {isa = PBXBuildFile; fileRef = 41A706CA1E91F18900F43E9F /* Diary.swift */; };
		41A706CE1E92237B00F43E9F /* Main.storyboard in Resources */ = {isa = PBXBuildFile; fileRef = 41A706CC1E92237B00F43E9F /* Main.storyboard */; };
		41A706D01E95774000F43E9F /* Existence-Light.otf in Resources */ = {isa = PBXBuildFile; fileRef = 41A706CF1E95774000F43E9F /* Existence-Light.otf */; };
		41D305EC1E40A07A004031DA /* AppDelegate.swift in Sources */ = {isa = PBXBuildFile; fileRef = 41D305EB1E40A07A004031DA /* AppDelegate.swift */; };
		41D305F31E40A07A004031DA /* Assets.xcassets in Resources */ = {isa = PBXBuildFile; fileRef = 41D305F21E40A07A004031DA /* Assets.xcassets */; };
		41D305F61E40A07A004031DA /* LaunchScreen.storyboard in Resources */ = {isa = PBXBuildFile; fileRef = 41D305F41E40A07A004031DA /* LaunchScreen.storyboard */; };
		41D306011E40A07A004031DA /* CalenderTests.swift in Sources */ = {isa = PBXBuildFile; fileRef = 41D306001E40A07A004031DA /* CalenderTests.swift */; };
		41D3060C1E40A07A004031DA /* CalenderUITests.swift in Sources */ = {isa = PBXBuildFile; fileRef = 41D3060B1E40A07A004031DA /* CalenderUITests.swift */; };
		662E44B77EDD770908F048C5 /* Pods_Calender.framework in Frameworks */ = {isa = PBXBuildFile; fileRef = D9F1B0CF892EFC77E28F6CA2 /* Pods_Calender.framework */; };
		AA3C7E1C20207E94004462CB /* QRController.swift in Sources */ = {isa = PBXBuildFile; fileRef = AA3C7E1B20207E94004462CB /* QRController.swift */; };
		AA3C7E1E2020853C004462CB /* FriendsController.swift in Sources */ = {isa = PBXBuildFile; fileRef = AA3C7E1D2020853C004462CB /* FriendsController.swift */; };
		AA58D44B20528B0F002AFC4A /* Util.swift in Sources */ = {isa = PBXBuildFile; fileRef = AA58D44A20528B0F002AFC4A /* Util.swift */; };
		AA58D44E205296FB002AFC4A /* CustomSwitchTableViewCell.swift in Sources */ = {isa = PBXBuildFile; fileRef = AA58D44C205296FB002AFC4A /* CustomSwitchTableViewCell.swift */; };
		AA58D44F205296FB002AFC4A /* CustomSwitchTableViewCell.xib in Resources */ = {isa = PBXBuildFile; fileRef = AA58D44D205296FB002AFC4A /* CustomSwitchTableViewCell.xib */; };
		AA58D452205299B9002AFC4A /* CustumSettingTableViewCell.swift in Sources */ = {isa = PBXBuildFile; fileRef = AA58D450205299B9002AFC4A /* CustumSettingTableViewCell.swift */; };
		AA58D453205299B9002AFC4A /* CustumSettingTableViewCell.xib in Resources */ = {isa = PBXBuildFile; fileRef = AA58D451205299B9002AFC4A /* CustumSettingTableViewCell.xib */; };
		AA88F3A72054C88C00324971 /* check.png in Resources */ = {isa = PBXBuildFile; fileRef = AA88F3A62054C88C00324971 /* check.png */; };
		AA88F3A92054E0B000324971 /* FriendNameViewController.swift in Sources */ = {isa = PBXBuildFile; fileRef = AA88F3A82054E0B000324971 /* FriendNameViewController.swift */; };
		AA88F3AB2054E1B200324971 /* FriendViewController.swift in Sources */ = {isa = PBXBuildFile; fileRef = AA88F3AA2054E1B200324971 /* FriendViewController.swift */; };
		AA88F3B42054E4C800324971 /* CustomWeekCollectionViewCell.swift in Sources */ = {isa = PBXBuildFile; fileRef = AA88F3B22054E4C800324971 /* CustomWeekCollectionViewCell.swift */; };
		AA88F3B52054E4C800324971 /* CustomWeekCollectionViewCell.xib in Resources */ = {isa = PBXBuildFile; fileRef = AA88F3B32054E4C800324971 /* CustomWeekCollectionViewCell.xib */; };
		AA8BB51A200DAB84006D8C29 /* ya.png in Resources */ = {isa = PBXBuildFile; fileRef = AA8BB505200DAB82006D8C29 /* ya.png */; };
		AA8BB51B200DAB84006D8C29 /* 矢印.jpg in Resources */ = {isa = PBXBuildFile; fileRef = AA8BB506200DAB82006D8C29 /* 矢印.jpg */; };
		AA8BB51C200DAB84006D8C29 /* orangeのコピー.png in Resources */ = {isa = PBXBuildFile; fileRef = AA8BB507200DAB82006D8C29 /* orangeのコピー.png */; };
		AA8BB51D200DAB84006D8C29 /* purpleのコピー.png in Resources */ = {isa = PBXBuildFile; fileRef = AA8BB508200DAB82006D8C29 /* purpleのコピー.png */; };
		AA8BB51E200DAB84006D8C29 /* greenのコピー.png in Resources */ = {isa = PBXBuildFile; fileRef = AA8BB509200DAB83006D8C29 /* greenのコピー.png */; };
		AA8BB51F200DAB84006D8C29 /* purple.png in Resources */ = {isa = PBXBuildFile; fileRef = AA8BB50A200DAB83006D8C29 /* purple.png */; };
		AA8BB520200DAB84006D8C29 /* modoruu.png in Resources */ = {isa = PBXBuildFile; fileRef = AA8BB50B200DAB83006D8C29 /* modoruu.png */; };
		AA8BB521200DAB84006D8C29 /* yellowのコピー.png in Resources */ = {isa = PBXBuildFile; fileRef = AA8BB50C200DAB83006D8C29 /* yellowのコピー.png */; };
		AA8BB522200DAB84006D8C29 /* red.png in Resources */ = {isa = PBXBuildFile; fileRef = AA8BB50D200DAB83006D8C29 /* red.png */; };
		AA8BB523200DAB84006D8C29 /* set.png in Resources */ = {isa = PBXBuildFile; fileRef = AA8BB50E200DAB83006D8C29 /* set.png */; };
		AA8BB524200DAB84006D8C29 /* カレンダー.png in Resources */ = {isa = PBXBuildFile; fileRef = AA8BB50F200DAB83006D8C29 /* カレンダー.png */; };
		AA8BB525200DAB84006D8C29 /* sett.png in Resources */ = {isa = PBXBuildFile; fileRef = AA8BB510200DAB83006D8C29 /* sett.png */; };
		AA8BB526200DAB84006D8C29 /* 矢印.png in Resources */ = {isa = PBXBuildFile; fileRef = AA8BB511200DAB83006D8C29 /* 矢印.png */; };
		AA8BB527200DAB84006D8C29 /* green.png in Resources */ = {isa = PBXBuildFile; fileRef = AA8BB512200DAB83006D8C29 /* green.png */; };
		AA8BB528200DAB84006D8C29 /* redのコピー.png in Resources */ = {isa = PBXBuildFile; fileRef = AA8BB513200DAB84006D8C29 /* redのコピー.png */; };
		AA8BB529200DAB84006D8C29 /* 矢印i.png in Resources */ = {isa = PBXBuildFile; fileRef = AA8BB514200DAB84006D8C29 /* 矢印i.png */; };
		AA8BB52A200DAB84006D8C29 /* 矢印iのコピー.png in Resources */ = {isa = PBXBuildFile; fileRef = AA8BB515200DAB84006D8C29 /* 矢印iのコピー.png */; };
		AA8BB52B200DAB84006D8C29 /* yellow.png in Resources */ = {isa = PBXBuildFile; fileRef = AA8BB516200DAB84006D8C29 /* yellow.png */; };
		AA8BB52C200DAB84006D8C29 /* blueのコピー.png in Resources */ = {isa = PBXBuildFile; fileRef = AA8BB517200DAB84006D8C29 /* blueのコピー.png */; };
		AA8BB52D200DAB84006D8C29 /* orange.png in Resources */ = {isa = PBXBuildFile; fileRef = AA8BB518200DAB84006D8C29 /* orange.png */; };
		AA8BB52E200DAB84006D8C29 /* blue.png in Resources */ = {isa = PBXBuildFile; fileRef = AA8BB519200DAB84006D8C29 /* blue.png */; };
		AA8BB536200DAC0A006D8C29 /* ColorManeger.swift in Sources */ = {isa = PBXBuildFile; fileRef = AA8BB535200DAC0A006D8C29 /* ColorManeger.swift */; };
		AA8BB538200DAC1C006D8C29 /* Extention.swift in Sources */ = {isa = PBXBuildFile; fileRef = AA8BB537200DAC1C006D8C29 /* Extention.swift */; };
		AA8BB53D200DC765006D8C29 /* CalendarCustomCell.swift in Sources */ = {isa = PBXBuildFile; fileRef = AA8BB53B200DC765006D8C29 /* CalendarCustomCell.swift */; };
		AA8BB53E200DC765006D8C29 /* CalendarCustomCell.xib in Resources */ = {isa = PBXBuildFile; fileRef = AA8BB53C200DC765006D8C29 /* CalendarCustomCell.xib */; };
/* End PBXBuildFile section */

/* Begin PBXContainerItemProxy section */
		41D305FD1E40A07A004031DA /* PBXContainerItemProxy */ = {
			isa = PBXContainerItemProxy;
			containerPortal = 41D305E01E40A07A004031DA /* Project object */;
			proxyType = 1;
			remoteGlobalIDString = 41D305E71E40A07A004031DA;
			remoteInfo = Calender;
		};
		41D306081E40A07A004031DA /* PBXContainerItemProxy */ = {
			isa = PBXContainerItemProxy;
			containerPortal = 41D305E01E40A07A004031DA /* Project object */;
			proxyType = 1;
			remoteGlobalIDString = 41D305E71E40A07A004031DA;
			remoteInfo = Calender;
		};
/* End PBXContainerItemProxy section */

/* Begin PBXFileReference section */
		10497BCFCBE4761E2A90B92F /* Pods-CalenderTests.debug.xcconfig */ = {isa = PBXFileReference; includeInIndex = 1; lastKnownFileType = text.xcconfig; name = "Pods-CalenderTests.debug.xcconfig"; path = "Pods/Target Support Files/Pods-CalenderTests/Pods-CalenderTests.debug.xcconfig"; sourceTree = "<group>"; };
		40BF2B74CF66677194A50F8B /* Pods-Calender.release.xcconfig */ = {isa = PBXFileReference; includeInIndex = 1; lastKnownFileType = text.xcconfig; name = "Pods-Calender.release.xcconfig"; path = "Pods/Target Support Files/Pods-Calender/Pods-Calender.release.xcconfig"; sourceTree = "<group>"; };
		41050AD91FC5919D00C0A051 /* CellTryViewController.swift */ = {isa = PBXFileReference; fileEncoding = 4; lastKnownFileType = sourcecode.swift; name = CellTryViewController.swift; path = ViewController/CellTryViewController.swift; sourceTree = "<group>"; };
		41050AE01FCD70AD00C0A051 /* CustumTableCell.swift */ = {isa = PBXFileReference; fileEncoding = 4; lastKnownFileType = sourcecode.swift; name = CustumTableCell.swift; path = CustumCell/CustumTableCell.swift; sourceTree = "<group>"; };
		41050AE11FCD70AD00C0A051 /* CustumTableCell.xib */ = {isa = PBXFileReference; fileEncoding = 4; lastKnownFileType = file.xib; name = CustumTableCell.xib; path = CustumCell/CustumTableCell.xib; sourceTree = "<group>"; };
		41122CAD1F55781500DA3612 /* SVProgressHUD.framework */ = {isa = PBXFileReference; lastKnownFileType = wrapper.framework; name = SVProgressHUD.framework; path = "../../Library/Developer/Xcode/DerivedData/Calender-aebsukpjxyvpawbohslyovxsnhle/Build/Products/Debug-iphonesimulator/SVProgressHUD/SVProgressHUD.framework"; sourceTree = "<group>"; };
		41122CAF1F557F9700DA3612 /* DeviceSize.swift */ = {isa = PBXFileReference; fileEncoding = 4; lastKnownFileType = sourcecode.swift; path = DeviceSize.swift; sourceTree = "<group>"; };
		412342E21FB1BDE600712D00 /* ViewController.swift */ = {isa = PBXFileReference; fileEncoding = 4; lastKnownFileType = sourcecode.swift; name = ViewController.swift; path = ViewController/ViewController.swift; sourceTree = "<group>"; };
		412342E41FB1BE6D00712D00 /* ShowController.swift */ = {isa = PBXFileReference; fileEncoding = 4; lastKnownFileType = sourcecode.swift; name = ShowController.swift; path = ViewController/ShowController.swift; sourceTree = "<group>"; };
		412342E81FB1BF2700712D00 /* EditController.swift */ = {isa = PBXFileReference; fileEncoding = 4; lastKnownFileType = sourcecode.swift; name = EditController.swift; path = ViewController/EditController.swift; sourceTree = "<group>"; };
		412342EE1FB1BF9200712D00 /* SettingController.swift */ = {isa = PBXFileReference; fileEncoding = 4; lastKnownFileType = sourcecode.swift; name = SettingController.swift; path = ViewController/SettingController.swift; sourceTree = "<group>"; };
		412342F31FB1C24100712D00 /* DateManager.swift */ = {isa = PBXFileReference; fileEncoding = 4; lastKnownFileType = sourcecode.swift; name = DateManager.swift; path = Manager/DateManager.swift; sourceTree = "<group>"; };
		413A6A652032F5D000238BD2 /* icon.png */ = {isa = PBXFileReference; lastKnownFileType = image.png; path = icon.png; sourceTree = "<group>"; };
		413A6A672032FB1F00238BD2 /* nil.png */ = {isa = PBXFileReference; lastKnownFileType = image.png; path = nil.png; sourceTree = "<group>"; };
		413A6A692032FBD700238BD2 /* にる.png */ = {isa = PBXFileReference; lastKnownFileType = image.png; path = "にる.png"; sourceTree = "<group>"; };
		413A6A70203C1C9000238BD2 /* User.swift */ = {isa = PBXFileReference; lastKnownFileType = sourcecode.swift; path = User.swift; sourceTree = "<group>"; };
		4182FD851F55728D000E750E /* PlaceHolderTextView.swift */ = {isa = PBXFileReference; fileEncoding = 4; lastKnownFileType = sourcecode.swift; path = PlaceHolderTextView.swift; sourceTree = "<group>"; };
		4182FD871F55760A000E750E /* Calender-Bridging-Header.h */ = {isa = PBXFileReference; lastKnownFileType = sourcecode.c.h; path = "Calender-Bridging-Header.h"; sourceTree = "<group>"; };
		418BA1691F359D930084413F /* GoogleService-Info.plist */ = {isa = PBXFileReference; fileEncoding = 4; lastKnownFileType = text.plist.xml; path = "GoogleService-Info.plist"; sourceTree = "<group>"; };
		41A706CA1E91F18900F43E9F /* Diary.swift */ = {isa = PBXFileReference; fileEncoding = 4; lastKnownFileType = sourcecode.swift; path = Diary.swift; sourceTree = "<group>"; };
		41A706CD1E92237B00F43E9F /* Base */ = {isa = PBXFileReference; lastKnownFileType = file.storyboard; name = Base; path = Base.lproj/Main.storyboard; sourceTree = "<group>"; };
		41A706CF1E95774000F43E9F /* Existence-Light.otf */ = {isa = PBXFileReference; lastKnownFileType = file; path = "Existence-Light.otf"; sourceTree = "<group>"; };
		41D305E81E40A07A004031DA /* Calender.app */ = {isa = PBXFileReference; explicitFileType = wrapper.application; includeInIndex = 0; path = Calender.app; sourceTree = BUILT_PRODUCTS_DIR; };
		41D305EB1E40A07A004031DA /* AppDelegate.swift */ = {isa = PBXFileReference; lastKnownFileType = sourcecode.swift; path = AppDelegate.swift; sourceTree = "<group>"; };
		41D305F21E40A07A004031DA /* Assets.xcassets */ = {isa = PBXFileReference; lastKnownFileType = folder.assetcatalog; path = Assets.xcassets; sourceTree = "<group>"; };
		41D305F51E40A07A004031DA /* Base */ = {isa = PBXFileReference; lastKnownFileType = file.storyboard; name = Base; path = Base.lproj/LaunchScreen.storyboard; sourceTree = "<group>"; };
		41D305F71E40A07A004031DA /* Info.plist */ = {isa = PBXFileReference; lastKnownFileType = text.plist.xml; path = Info.plist; sourceTree = "<group>"; };
		41D305FC1E40A07A004031DA /* CalenderTests.xctest */ = {isa = PBXFileReference; explicitFileType = wrapper.cfbundle; includeInIndex = 0; path = CalenderTests.xctest; sourceTree = BUILT_PRODUCTS_DIR; };
		41D306001E40A07A004031DA /* CalenderTests.swift */ = {isa = PBXFileReference; lastKnownFileType = sourcecode.swift; path = CalenderTests.swift; sourceTree = "<group>"; };
		41D306021E40A07A004031DA /* Info.plist */ = {isa = PBXFileReference; lastKnownFileType = text.plist.xml; path = Info.plist; sourceTree = "<group>"; };
		41D306071E40A07A004031DA /* CalenderUITests.xctest */ = {isa = PBXFileReference; explicitFileType = wrapper.cfbundle; includeInIndex = 0; path = CalenderUITests.xctest; sourceTree = BUILT_PRODUCTS_DIR; };
		41D3060B1E40A07A004031DA /* CalenderUITests.swift */ = {isa = PBXFileReference; lastKnownFileType = sourcecode.swift; path = CalenderUITests.swift; sourceTree = "<group>"; };
		41D3060D1E40A07A004031DA /* Info.plist */ = {isa = PBXFileReference; lastKnownFileType = text.plist.xml; path = Info.plist; sourceTree = "<group>"; };
		5370A4A5F59C17E94D2185D7 /* Pods-CalenderTests.release.xcconfig */ = {isa = PBXFileReference; includeInIndex = 1; lastKnownFileType = text.xcconfig; name = "Pods-CalenderTests.release.xcconfig"; path = "Pods/Target Support Files/Pods-CalenderTests/Pods-CalenderTests.release.xcconfig"; sourceTree = "<group>"; };
		624F444C1D9793F3949F1E5D /* Pods-Calender.debug.xcconfig */ = {isa = PBXFileReference; includeInIndex = 1; lastKnownFileType = text.xcconfig; name = "Pods-Calender.debug.xcconfig"; path = "Pods/Target Support Files/Pods-Calender/Pods-Calender.debug.xcconfig"; sourceTree = "<group>"; };
		AA3C7E1B20207E94004462CB /* QRController.swift */ = {isa = PBXFileReference; lastKnownFileType = sourcecode.swift; name = QRController.swift; path = ViewController/QRController.swift; sourceTree = "<group>"; };
		AA3C7E1D2020853C004462CB /* FriendsController.swift */ = {isa = PBXFileReference; lastKnownFileType = sourcecode.swift; name = FriendsController.swift; path = ViewController/FriendsController.swift; sourceTree = "<group>"; };
		AA58D44A20528B0F002AFC4A /* Util.swift */ = {isa = PBXFileReference; lastKnownFileType = sourcecode.swift; path = Util.swift; sourceTree = "<group>"; };
		AA58D44C205296FB002AFC4A /* CustomSwitchTableViewCell.swift */ = {isa = PBXFileReference; lastKnownFileType = sourcecode.swift; name = CustomSwitchTableViewCell.swift; path = CustumCell/CustomSwitchTableViewCell.swift; sourceTree = "<group>"; };
		AA58D44D205296FB002AFC4A /* CustomSwitchTableViewCell.xib */ = {isa = PBXFileReference; lastKnownFileType = file.xib; name = CustomSwitchTableViewCell.xib; path = CustumCell/CustomSwitchTableViewCell.xib; sourceTree = "<group>"; };
		AA58D450205299B9002AFC4A /* CustumSettingTableViewCell.swift */ = {isa = PBXFileReference; lastKnownFileType = sourcecode.swift; name = CustumSettingTableViewCell.swift; path = CustumCell/CustumSettingTableViewCell.swift; sourceTree = "<group>"; };
		AA58D451205299B9002AFC4A /* CustumSettingTableViewCell.xib */ = {isa = PBXFileReference; lastKnownFileType = file.xib; name = CustumSettingTableViewCell.xib; path = CustumCell/CustumSettingTableViewCell.xib; sourceTree = "<group>"; };
		AA88F3A62054C88C00324971 /* check.png */ = {isa = PBXFileReference; lastKnownFileType = image.png; path = check.png; sourceTree = "<group>"; };
		AA88F3A82054E0B000324971 /* FriendNameViewController.swift */ = {isa = PBXFileReference; lastKnownFileType = sourcecode.swift; name = FriendNameViewController.swift; path = ViewController/FriendNameViewController.swift; sourceTree = "<group>"; };
		AA88F3AA2054E1B200324971 /* FriendViewController.swift */ = {isa = PBXFileReference; lastKnownFileType = sourcecode.swift; name = FriendViewController.swift; path = ViewController/FriendViewController.swift; sourceTree = "<group>"; };
		AA88F3B22054E4C800324971 /* CustomWeekCollectionViewCell.swift */ = {isa = PBXFileReference; lastKnownFileType = sourcecode.swift; name = CustomWeekCollectionViewCell.swift; path = CustumCell/CustomWeekCollectionViewCell.swift; sourceTree = "<group>"; };
		AA88F3B32054E4C800324971 /* CustomWeekCollectionViewCell.xib */ = {isa = PBXFileReference; lastKnownFileType = file.xib; name = CustomWeekCollectionViewCell.xib; path = CustumCell/CustomWeekCollectionViewCell.xib; sourceTree = "<group>"; };
		AA8BB505200DAB82006D8C29 /* ya.png */ = {isa = PBXFileReference; lastKnownFileType = image.png; name = ya.png; path = images/ya.png; sourceTree = "<group>"; };
		AA8BB506200DAB82006D8C29 /* 矢印.jpg */ = {isa = PBXFileReference; lastKnownFileType = image.jpeg; name = "矢印.jpg"; path = "images/矢印.jpg"; sourceTree = "<group>"; };
		AA8BB507200DAB82006D8C29 /* orangeのコピー.png */ = {isa = PBXFileReference; lastKnownFileType = image.png; name = "orangeのコピー.png"; path = "images/orangeのコピー.png"; sourceTree = "<group>"; };
		AA8BB508200DAB82006D8C29 /* purpleのコピー.png */ = {isa = PBXFileReference; lastKnownFileType = image.png; name = "purpleのコピー.png"; path = "images/purpleのコピー.png"; sourceTree = "<group>"; };
		AA8BB509200DAB83006D8C29 /* greenのコピー.png */ = {isa = PBXFileReference; lastKnownFileType = image.png; name = "greenのコピー.png"; path = "images/greenのコピー.png"; sourceTree = "<group>"; };
		AA8BB50A200DAB83006D8C29 /* purple.png */ = {isa = PBXFileReference; lastKnownFileType = image.png; name = purple.png; path = images/purple.png; sourceTree = "<group>"; };
		AA8BB50B200DAB83006D8C29 /* modoruu.png */ = {isa = PBXFileReference; lastKnownFileType = image.png; name = modoruu.png; path = images/modoruu.png; sourceTree = "<group>"; };
		AA8BB50C200DAB83006D8C29 /* yellowのコピー.png */ = {isa = PBXFileReference; lastKnownFileType = image.png; name = "yellowのコピー.png"; path = "images/yellowのコピー.png"; sourceTree = "<group>"; };
		AA8BB50D200DAB83006D8C29 /* red.png */ = {isa = PBXFileReference; lastKnownFileType = image.png; name = red.png; path = images/red.png; sourceTree = "<group>"; };
		AA8BB50E200DAB83006D8C29 /* set.png */ = {isa = PBXFileReference; lastKnownFileType = image.png; name = set.png; path = images/set.png; sourceTree = "<group>"; };
		AA8BB50F200DAB83006D8C29 /* カレンダー.png */ = {isa = PBXFileReference; lastKnownFileType = image.png; name = "カレンダー.png"; path = "images/カレンダー.png"; sourceTree = "<group>"; };
		AA8BB510200DAB83006D8C29 /* sett.png */ = {isa = PBXFileReference; lastKnownFileType = image.png; name = sett.png; path = images/sett.png; sourceTree = "<group>"; };
		AA8BB511200DAB83006D8C29 /* 矢印.png */ = {isa = PBXFileReference; lastKnownFileType = image.png; name = "矢印.png"; path = "images/矢印.png"; sourceTree = "<group>"; };
		AA8BB512200DAB83006D8C29 /* green.png */ = {isa = PBXFileReference; lastKnownFileType = image.png; name = green.png; path = images/green.png; sourceTree = "<group>"; };
		AA8BB513200DAB84006D8C29 /* redのコピー.png */ = {isa = PBXFileReference; lastKnownFileType = image.png; name = "redのコピー.png"; path = "images/redのコピー.png"; sourceTree = "<group>"; };
		AA8BB514200DAB84006D8C29 /* 矢印i.png */ = {isa = PBXFileReference; lastKnownFileType = image.png; name = "矢印i.png"; path = "images/矢印i.png"; sourceTree = "<group>"; };
		AA8BB515200DAB84006D8C29 /* 矢印iのコピー.png */ = {isa = PBXFileReference; lastKnownFileType = image.png; name = "矢印iのコピー.png"; path = "images/矢印iのコピー.png"; sourceTree = "<group>"; };
		AA8BB516200DAB84006D8C29 /* yellow.png */ = {isa = PBXFileReference; lastKnownFileType = image.png; name = yellow.png; path = images/yellow.png; sourceTree = "<group>"; };
		AA8BB517200DAB84006D8C29 /* blueのコピー.png */ = {isa = PBXFileReference; lastKnownFileType = image.png; name = "blueのコピー.png"; path = "images/blueのコピー.png"; sourceTree = "<group>"; };
		AA8BB518200DAB84006D8C29 /* orange.png */ = {isa = PBXFileReference; lastKnownFileType = image.png; name = orange.png; path = images/orange.png; sourceTree = "<group>"; };
		AA8BB519200DAB84006D8C29 /* blue.png */ = {isa = PBXFileReference; lastKnownFileType = image.png; name = blue.png; path = images/blue.png; sourceTree = "<group>"; };
		AA8BB535200DAC0A006D8C29 /* ColorManeger.swift */ = {isa = PBXFileReference; fileEncoding = 4; lastKnownFileType = sourcecode.swift; name = ColorManeger.swift; path = Manager/ColorManeger.swift; sourceTree = "<group>"; };
		AA8BB537200DAC1C006D8C29 /* Extention.swift */ = {isa = PBXFileReference; fileEncoding = 4; lastKnownFileType = sourcecode.swift; name = Extention.swift; path = Extention/Extention.swift; sourceTree = "<group>"; };
		AA8BB53B200DC765006D8C29 /* CalendarCustomCell.swift */ = {isa = PBXFileReference; lastKnownFileType = sourcecode.swift; name = CalendarCustomCell.swift; path = CustumCell/CalendarCustomCell.swift; sourceTree = "<group>"; };
		AA8BB53C200DC765006D8C29 /* CalendarCustomCell.xib */ = {isa = PBXFileReference; lastKnownFileType = file.xib; name = CalendarCustomCell.xib; path = CustumCell/CalendarCustomCell.xib; sourceTree = "<group>"; };
		BD39B833FED21B8A6B921758 /* Pods-CalenderUITests.debug.xcconfig */ = {isa = PBXFileReference; includeInIndex = 1; lastKnownFileType = text.xcconfig; name = "Pods-CalenderUITests.debug.xcconfig"; path = "Pods/Target Support Files/Pods-CalenderUITests/Pods-CalenderUITests.debug.xcconfig"; sourceTree = "<group>"; };
		CE017672D86243A94992FC45 /* Pods_CalenderUITests.framework */ = {isa = PBXFileReference; explicitFileType = wrapper.framework; includeInIndex = 0; path = Pods_CalenderUITests.framework; sourceTree = BUILT_PRODUCTS_DIR; };
		D9F1B0CF892EFC77E28F6CA2 /* Pods_Calender.framework */ = {isa = PBXFileReference; explicitFileType = wrapper.framework; includeInIndex = 0; path = Pods_Calender.framework; sourceTree = BUILT_PRODUCTS_DIR; };
		EE907BF403B2205D7526925F /* Pods_CalenderTests.framework */ = {isa = PBXFileReference; explicitFileType = wrapper.framework; includeInIndex = 0; path = Pods_CalenderTests.framework; sourceTree = BUILT_PRODUCTS_DIR; };
		FD886455AC8993B62C2F0ACA /* Pods-CalenderUITests.release.xcconfig */ = {isa = PBXFileReference; includeInIndex = 1; lastKnownFileType = text.xcconfig; name = "Pods-CalenderUITests.release.xcconfig"; path = "Pods/Target Support Files/Pods-CalenderUITests/Pods-CalenderUITests.release.xcconfig"; sourceTree = "<group>"; };
/* End PBXFileReference section */

/* Begin PBXFrameworksBuildPhase section */
		41D305E51E40A07A004031DA /* Frameworks */ = {
			isa = PBXFrameworksBuildPhase;
			buildActionMask = 2147483647;
			files = (
				41122CAE1F55781500DA3612 /* SVProgressHUD.framework in Frameworks */,
				662E44B77EDD770908F048C5 /* Pods_Calender.framework in Frameworks */,
			);
			runOnlyForDeploymentPostprocessing = 0;
		};
		41D305F91E40A07A004031DA /* Frameworks */ = {
			isa = PBXFrameworksBuildPhase;
			buildActionMask = 2147483647;
			files = (
				112DC6026536389E76F19364 /* Pods_CalenderTests.framework in Frameworks */,
			);
			runOnlyForDeploymentPostprocessing = 0;
		};
		41D306041E40A07A004031DA /* Frameworks */ = {
			isa = PBXFrameworksBuildPhase;
			buildActionMask = 2147483647;
			files = (
				0441E65F90F7049DBDAD0DF2 /* Pods_CalenderUITests.framework in Frameworks */,
			);
			runOnlyForDeploymentPostprocessing = 0;
		};
/* End PBXFrameworksBuildPhase section */

/* Begin PBXGroup section */
		31D2803E7EDB39E1D961D911 /* Frameworks */ = {
			isa = PBXGroup;
			children = (
				41122CAD1F55781500DA3612 /* SVProgressHUD.framework */,
				D9F1B0CF892EFC77E28F6CA2 /* Pods_Calender.framework */,
				EE907BF403B2205D7526925F /* Pods_CalenderTests.framework */,
				CE017672D86243A94992FC45 /* Pods_CalenderUITests.framework */,
			);
			name = Frameworks;
			sourceTree = "<group>";
		};
		410081201EF92B1500DBCA05 /* images */ = {
			isa = PBXGroup;
			children = (
				AA88F3A62054C88C00324971 /* check.png */,
				413A6A672032FB1F00238BD2 /* nil.png */,
				413A6A692032FBD700238BD2 /* にる.png */,
				AA8BB519200DAB84006D8C29 /* blue.png */,
				AA8BB517200DAB84006D8C29 /* blueのコピー.png */,
				AA8BB512200DAB83006D8C29 /* green.png */,
				AA8BB509200DAB83006D8C29 /* greenのコピー.png */,
				AA8BB50B200DAB83006D8C29 /* modoruu.png */,
				AA8BB518200DAB84006D8C29 /* orange.png */,
				AA8BB507200DAB82006D8C29 /* orangeのコピー.png */,
				AA8BB50A200DAB83006D8C29 /* purple.png */,
				AA8BB508200DAB82006D8C29 /* purpleのコピー.png */,
				AA8BB50D200DAB83006D8C29 /* red.png */,
				AA8BB513200DAB84006D8C29 /* redのコピー.png */,
				AA8BB50E200DAB83006D8C29 /* set.png */,
				413A6A652032F5D000238BD2 /* icon.png */,
				AA8BB510200DAB83006D8C29 /* sett.png */,
				AA8BB505200DAB82006D8C29 /* ya.png */,
				AA8BB516200DAB84006D8C29 /* yellow.png */,
				AA8BB50C200DAB83006D8C29 /* yellowのコピー.png */,
				AA8BB50F200DAB83006D8C29 /* カレンダー.png */,
				AA8BB506200DAB82006D8C29 /* 矢印.jpg */,
				AA8BB511200DAB83006D8C29 /* 矢印.png */,
				AA8BB514200DAB84006D8C29 /* 矢印i.png */,
				AA8BB515200DAB84006D8C29 /* 矢印iのコピー.png */,
			);
			name = images;
			sourceTree = "<group>";
		};
		41050ADF1FCD705300C0A051 /* CustumCell */ = {
			isa = PBXGroup;
			children = (
				41050AE01FCD70AD00C0A051 /* CustumTableCell.swift */,
				41050AE11FCD70AD00C0A051 /* CustumTableCell.xib */,
				AA8BB53B200DC765006D8C29 /* CalendarCustomCell.swift */,
				AA8BB53C200DC765006D8C29 /* CalendarCustomCell.xib */,
				AA58D44C205296FB002AFC4A /* CustomSwitchTableViewCell.swift */,
				AA58D44D205296FB002AFC4A /* CustomSwitchTableViewCell.xib */,
				AA58D450205299B9002AFC4A /* CustumSettingTableViewCell.swift */,
				AA58D451205299B9002AFC4A /* CustumSettingTableViewCell.xib */,
				AA88F3B22054E4C800324971 /* CustomWeekCollectionViewCell.swift */,
				AA88F3B32054E4C800324971 /* CustomWeekCollectionViewCell.xib */,
			);
			name = CustumCell;
			sourceTree = "<group>";
		};
		412342E11FB1BDC400712D00 /* ViewController */ = {
			isa = PBXGroup;
			children = (
				412342E21FB1BDE600712D00 /* ViewController.swift */,
				412342E81FB1BF2700712D00 /* EditController.swift */,
				412342E41FB1BE6D00712D00 /* ShowController.swift */,
				412342EE1FB1BF9200712D00 /* SettingController.swift */,
				41050AD91FC5919D00C0A051 /* CellTryViewController.swift */,
				AA3C7E1B20207E94004462CB /* QRController.swift */,
				AA3C7E1D2020853C004462CB /* FriendsController.swift */,
				AA88F3A82054E0B000324971 /* FriendNameViewController.swift */,
				AA88F3AA2054E1B200324971 /* FriendViewController.swift */,
			);
			name = ViewController;
			sourceTree = "<group>";
		};
		412342F21FB1C1FB00712D00 /* Manager */ = {
			isa = PBXGroup;
			children = (
				AA8BB535200DAC0A006D8C29 /* ColorManeger.swift */,
				412342F31FB1C24100712D00 /* DateManager.swift */,
			);
			name = Manager;
			sourceTree = "<group>";
		};
		41D305DF1E40A07A004031DA = {
			isa = PBXGroup;
			children = (
				41D305EA1E40A07A004031DA /* Calender */,
				41D305FF1E40A07A004031DA /* CalenderTests */,
				41D3060A1E40A07A004031DA /* CalenderUITests */,
				41D305E91E40A07A004031DA /* Products */,
				BF52A8E544730FCA12682A90 /* Pods */,
				31D2803E7EDB39E1D961D911 /* Frameworks */,
			);
			sourceTree = "<group>";
		};
		41D305E91E40A07A004031DA /* Products */ = {
			isa = PBXGroup;
			children = (
				41D305E81E40A07A004031DA /* Calender.app */,
				41D305FC1E40A07A004031DA /* CalenderTests.xctest */,
				41D306071E40A07A004031DA /* CalenderUITests.xctest */,
			);
			name = Products;
			sourceTree = "<group>";
		};
		41D305EA1E40A07A004031DA /* Calender */ = {
			isa = PBXGroup;
			children = (
				AABAB3652005FD2E004D2203 /* Extention */,
				41050ADF1FCD705300C0A051 /* CustumCell */,
				412342F21FB1C1FB00712D00 /* Manager */,
				412342E11FB1BDC400712D00 /* ViewController */,
				410081201EF92B1500DBCA05 /* images */,
				41D305EB1E40A07A004031DA /* AppDelegate.swift */,
				41A706CA1E91F18900F43E9F /* Diary.swift */,
				413A6A70203C1C9000238BD2 /* User.swift */,
				41A706CC1E92237B00F43E9F /* Main.storyboard */,
				41D305F21E40A07A004031DA /* Assets.xcassets */,
				41A706CF1E95774000F43E9F /* Existence-Light.otf */,
				41D305F41E40A07A004031DA /* LaunchScreen.storyboard */,
				41D305F71E40A07A004031DA /* Info.plist */,
				418BA1691F359D930084413F /* GoogleService-Info.plist */,
				4182FD851F55728D000E750E /* PlaceHolderTextView.swift */,
				4182FD871F55760A000E750E /* Calender-Bridging-Header.h */,
				41122CAF1F557F9700DA3612 /* DeviceSize.swift */,
				AA58D44A20528B0F002AFC4A /* Util.swift */,
			);
			path = Calender;
			sourceTree = "<group>";
		};
		41D305FF1E40A07A004031DA /* CalenderTests */ = {
			isa = PBXGroup;
			children = (
				41D306001E40A07A004031DA /* CalenderTests.swift */,
				41D306021E40A07A004031DA /* Info.plist */,
			);
			path = CalenderTests;
			sourceTree = "<group>";
		};
		41D3060A1E40A07A004031DA /* CalenderUITests */ = {
			isa = PBXGroup;
			children = (
				41D3060B1E40A07A004031DA /* CalenderUITests.swift */,
				41D3060D1E40A07A004031DA /* Info.plist */,
			);
			path = CalenderUITests;
			sourceTree = "<group>";
		};
		AABAB3652005FD2E004D2203 /* Extention */ = {
			isa = PBXGroup;
			children = (
				AA8BB537200DAC1C006D8C29 /* Extention.swift */,
			);
			name = Extention;
			sourceTree = "<group>";
		};
		BF52A8E544730FCA12682A90 /* Pods */ = {
			isa = PBXGroup;
			children = (
				624F444C1D9793F3949F1E5D /* Pods-Calender.debug.xcconfig */,
				40BF2B74CF66677194A50F8B /* Pods-Calender.release.xcconfig */,
				10497BCFCBE4761E2A90B92F /* Pods-CalenderTests.debug.xcconfig */,
				5370A4A5F59C17E94D2185D7 /* Pods-CalenderTests.release.xcconfig */,
				BD39B833FED21B8A6B921758 /* Pods-CalenderUITests.debug.xcconfig */,
				FD886455AC8993B62C2F0ACA /* Pods-CalenderUITests.release.xcconfig */,
			);
			name = Pods;
			sourceTree = "<group>";
		};
/* End PBXGroup section */

/* Begin PBXNativeTarget section */
		41D305E71E40A07A004031DA /* Calender */ = {
			isa = PBXNativeTarget;
			buildConfigurationList = 41D306101E40A07A004031DA /* Build configuration list for PBXNativeTarget "Calender" */;
			buildPhases = (
				7F2DCC5D65682A01F3F45B61 /* [CP] Check Pods Manifest.lock */,
				41D305E41E40A07A004031DA /* Sources */,
				41D305E51E40A07A004031DA /* Frameworks */,
				41D305E61E40A07A004031DA /* Resources */,
				769D2075C0AF00D2EDAF9EFF /* [CP] Embed Pods Frameworks */,
				7253A64720BF5EDC8342B1D1 /* [CP] Copy Pods Resources */,
			);
			buildRules = (
			);
			dependencies = (
			);
			name = Calender;
			productName = Calender;
			productReference = 41D305E81E40A07A004031DA /* Calender.app */;
			productType = "com.apple.product-type.application";
		};
		41D305FB1E40A07A004031DA /* CalenderTests */ = {
			isa = PBXNativeTarget;
			buildConfigurationList = 41D306131E40A07A004031DA /* Build configuration list for PBXNativeTarget "CalenderTests" */;
			buildPhases = (
				518BA0CAF910918D63B6331F /* [CP] Check Pods Manifest.lock */,
				41D305F81E40A07A004031DA /* Sources */,
				41D305F91E40A07A004031DA /* Frameworks */,
				41D305FA1E40A07A004031DA /* Resources */,
				D6B7941B5455FFCA7004AD01 /* [CP] Embed Pods Frameworks */,
				D193C6038AF4934B3A4BE2EC /* [CP] Copy Pods Resources */,
			);
			buildRules = (
			);
			dependencies = (
				41D305FE1E40A07A004031DA /* PBXTargetDependency */,
			);
			name = CalenderTests;
			productName = CalenderTests;
			productReference = 41D305FC1E40A07A004031DA /* CalenderTests.xctest */;
			productType = "com.apple.product-type.bundle.unit-test";
		};
		41D306061E40A07A004031DA /* CalenderUITests */ = {
			isa = PBXNativeTarget;
			buildConfigurationList = 41D306161E40A07A004031DA /* Build configuration list for PBXNativeTarget "CalenderUITests" */;
			buildPhases = (
				4E8AB9E5644C102FAE8FC192 /* [CP] Check Pods Manifest.lock */,
				41D306031E40A07A004031DA /* Sources */,
				41D306041E40A07A004031DA /* Frameworks */,
				41D306051E40A07A004031DA /* Resources */,
				74968E1E60C4BE17ADAF111B /* [CP] Embed Pods Frameworks */,
				21FD65858A875194E74E264A /* [CP] Copy Pods Resources */,
			);
			buildRules = (
			);
			dependencies = (
				41D306091E40A07A004031DA /* PBXTargetDependency */,
			);
			name = CalenderUITests;
			productName = CalenderUITests;
			productReference = 41D306071E40A07A004031DA /* CalenderUITests.xctest */;
			productType = "com.apple.product-type.bundle.ui-testing";
		};
/* End PBXNativeTarget section */

/* Begin PBXProject section */
		41D305E01E40A07A004031DA /* Project object */ = {
			isa = PBXProject;
			attributes = {
				LastSwiftUpdateCheck = 0730;
				LastUpgradeCheck = 0730;
				ORGANIZATIONNAME = hazuki;
				TargetAttributes = {
					41D305E71E40A07A004031DA = {
						CreatedOnToolsVersion = 7.3.1;
						DevelopmentTeam = KRD3HBM28P;
						LastSwiftMigration = 0830;
					};
					41D305FB1E40A07A004031DA = {
						CreatedOnToolsVersion = 7.3.1;
						LastSwiftMigration = 0830;
						TestTargetID = 41D305E71E40A07A004031DA;
					};
					41D306061E40A07A004031DA = {
						CreatedOnToolsVersion = 7.3.1;
						LastSwiftMigration = 0830;
						TestTargetID = 41D305E71E40A07A004031DA;
					};
				};
			};
			buildConfigurationList = 41D305E31E40A07A004031DA /* Build configuration list for PBXProject "Calender" */;
			compatibilityVersion = "Xcode 3.2";
			developmentRegion = English;
			hasScannedForEncodings = 0;
			knownRegions = (
				en,
				Base,
			);
			mainGroup = 41D305DF1E40A07A004031DA;
			productRefGroup = 41D305E91E40A07A004031DA /* Products */;
			projectDirPath = "";
			projectRoot = "";
			targets = (
				41D305E71E40A07A004031DA /* Calender */,
				41D305FB1E40A07A004031DA /* CalenderTests */,
				41D306061E40A07A004031DA /* CalenderUITests */,
			);
		};
/* End PBXProject section */

/* Begin PBXResourcesBuildPhase section */
		41D305E61E40A07A004031DA /* Resources */ = {
			isa = PBXResourcesBuildPhase;
			buildActionMask = 2147483647;
			files = (
				AA8BB527200DAB84006D8C29 /* green.png in Resources */,
				41A706D01E95774000F43E9F /* Existence-Light.otf in Resources */,
				AA8BB52B200DAB84006D8C29 /* yellow.png in Resources */,
				AA58D453205299B9002AFC4A /* CustumSettingTableViewCell.xib in Resources */,
				413A6A682032FB1F00238BD2 /* nil.png in Resources */,
				AA8BB520200DAB84006D8C29 /* modoruu.png in Resources */,
				AA8BB52A200DAB84006D8C29 /* 矢印iのコピー.png in Resources */,
				AA8BB51D200DAB84006D8C29 /* purpleのコピー.png in Resources */,
				41A706CE1E92237B00F43E9F /* Main.storyboard in Resources */,
				AA8BB51E200DAB84006D8C29 /* greenのコピー.png in Resources */,
				AA8BB522200DAB84006D8C29 /* red.png in Resources */,
				AA8BB51A200DAB84006D8C29 /* ya.png in Resources */,
				AA8BB523200DAB84006D8C29 /* set.png in Resources */,
				AA8BB524200DAB84006D8C29 /* カレンダー.png in Resources */,
				41D305F61E40A07A004031DA /* LaunchScreen.storyboard in Resources */,
				AA8BB529200DAB84006D8C29 /* 矢印i.png in Resources */,
				AA8BB51C200DAB84006D8C29 /* orangeのコピー.png in Resources */,
				AA8BB528200DAB84006D8C29 /* redのコピー.png in Resources */,
				AA8BB52D200DAB84006D8C29 /* orange.png in Resources */,
				413A6A6A2032FBD700238BD2 /* にる.png in Resources */,
				AA8BB525200DAB84006D8C29 /* sett.png in Resources */,
				AA8BB52E200DAB84006D8C29 /* blue.png in Resources */,
				41D305F31E40A07A004031DA /* Assets.xcassets in Resources */,
				AA8BB521200DAB84006D8C29 /* yellowのコピー.png in Resources */,
				AA8BB53E200DC765006D8C29 /* CalendarCustomCell.xib in Resources */,
				AA8BB526200DAB84006D8C29 /* 矢印.png in Resources */,
				AA88F3A72054C88C00324971 /* check.png in Resources */,
				AA8BB52C200DAB84006D8C29 /* blueのコピー.png in Resources */,
				41050AE31FCD70AD00C0A051 /* CustumTableCell.xib in Resources */,
				AA8BB51B200DAB84006D8C29 /* 矢印.jpg in Resources */,
				AA8BB51F200DAB84006D8C29 /* purple.png in Resources */,
				AA88F3B52054E4C800324971 /* CustomWeekCollectionViewCell.xib in Resources */,
				418BA16A1F359D930084413F /* GoogleService-Info.plist in Resources */,
				AA58D44F205296FB002AFC4A /* CustomSwitchTableViewCell.xib in Resources */,
				413A6A662032F5D000238BD2 /* icon.png in Resources */,
			);
			runOnlyForDeploymentPostprocessing = 0;
		};
		41D305FA1E40A07A004031DA /* Resources */ = {
			isa = PBXResourcesBuildPhase;
			buildActionMask = 2147483647;
			files = (
			);
			runOnlyForDeploymentPostprocessing = 0;
		};
		41D306051E40A07A004031DA /* Resources */ = {
			isa = PBXResourcesBuildPhase;
			buildActionMask = 2147483647;
			files = (
			);
			runOnlyForDeploymentPostprocessing = 0;
		};
/* End PBXResourcesBuildPhase section */

/* Begin PBXShellScriptBuildPhase section */
		21FD65858A875194E74E264A /* [CP] Copy Pods Resources */ = {
			isa = PBXShellScriptBuildPhase;
			buildActionMask = 2147483647;
			files = (
			);
			inputPaths = (
			);
			name = "[CP] Copy Pods Resources";
			outputPaths = (
			);
			runOnlyForDeploymentPostprocessing = 0;
			shellPath = /bin/sh;
			shellScript = "\"${SRCROOT}/Pods/Target Support Files/Pods-CalenderUITests/Pods-CalenderUITests-resources.sh\"\n";
			showEnvVarsInLog = 0;
		};
		4E8AB9E5644C102FAE8FC192 /* [CP] Check Pods Manifest.lock */ = {
			isa = PBXShellScriptBuildPhase;
			buildActionMask = 2147483647;
			files = (
			);
			inputPaths = (
				"${PODS_PODFILE_DIR_PATH}/Podfile.lock",
				"${PODS_ROOT}/Manifest.lock",
			);
			name = "[CP] Check Pods Manifest.lock";
			outputPaths = (
				"$(DERIVED_FILE_DIR)/Pods-CalenderUITests-checkManifestLockResult.txt",
			);
			runOnlyForDeploymentPostprocessing = 0;
			shellPath = /bin/sh;
			shellScript = "diff \"${PODS_PODFILE_DIR_PATH}/Podfile.lock\" \"${PODS_ROOT}/Manifest.lock\" > /dev/null\nif [ $? != 0 ] ; then\n    # print error to STDERR\n    echo \"error: The sandbox is not in sync with the Podfile.lock. Run 'pod install' or update your CocoaPods installation.\" >&2\n    exit 1\nfi\n# This output is used by Xcode 'outputs' to avoid re-running this script phase.\necho \"SUCCESS\" > \"${SCRIPT_OUTPUT_FILE_0}\"\n";
			showEnvVarsInLog = 0;
		};
		518BA0CAF910918D63B6331F /* [CP] Check Pods Manifest.lock */ = {
			isa = PBXShellScriptBuildPhase;
			buildActionMask = 2147483647;
			files = (
			);
			inputPaths = (
				"${PODS_PODFILE_DIR_PATH}/Podfile.lock",
				"${PODS_ROOT}/Manifest.lock",
			);
			name = "[CP] Check Pods Manifest.lock";
			outputPaths = (
				"$(DERIVED_FILE_DIR)/Pods-CalenderTests-checkManifestLockResult.txt",
			);
			runOnlyForDeploymentPostprocessing = 0;
			shellPath = /bin/sh;
			shellScript = "diff \"${PODS_PODFILE_DIR_PATH}/Podfile.lock\" \"${PODS_ROOT}/Manifest.lock\" > /dev/null\nif [ $? != 0 ] ; then\n    # print error to STDERR\n    echo \"error: The sandbox is not in sync with the Podfile.lock. Run 'pod install' or update your CocoaPods installation.\" >&2\n    exit 1\nfi\n# This output is used by Xcode 'outputs' to avoid re-running this script phase.\necho \"SUCCESS\" > \"${SCRIPT_OUTPUT_FILE_0}\"\n";
			showEnvVarsInLog = 0;
		};
		7253A64720BF5EDC8342B1D1 /* [CP] Copy Pods Resources */ = {
			isa = PBXShellScriptBuildPhase;
			buildActionMask = 2147483647;
			files = (
			);
			inputPaths = (
			);
			name = "[CP] Copy Pods Resources";
			outputPaths = (
			);
			runOnlyForDeploymentPostprocessing = 0;
			shellPath = /bin/sh;
			shellScript = "\"${SRCROOT}/Pods/Target Support Files/Pods-Calender/Pods-Calender-resources.sh\"\n";
			showEnvVarsInLog = 0;
		};
		74968E1E60C4BE17ADAF111B /* [CP] Embed Pods Frameworks */ = {
			isa = PBXShellScriptBuildPhase;
			buildActionMask = 2147483647;
			files = (
			);
			inputPaths = (
			);
			name = "[CP] Embed Pods Frameworks";
			outputPaths = (
			);
			runOnlyForDeploymentPostprocessing = 0;
			shellPath = /bin/sh;
			shellScript = "\"${SRCROOT}/Pods/Target Support Files/Pods-CalenderUITests/Pods-CalenderUITests-frameworks.sh\"\n";
			showEnvVarsInLog = 0;
		};
		769D2075C0AF00D2EDAF9EFF /* [CP] Embed Pods Frameworks */ = {
			isa = PBXShellScriptBuildPhase;
			buildActionMask = 2147483647;
			files = (
			);
			inputPaths = (
				"${SRCROOT}/Pods/Target Support Files/Pods-Calender/Pods-Calender-frameworks.sh",
				"${BUILT_PRODUCTS_DIR}/GTMSessionFetcher/GTMSessionFetcher.framework",
				"${BUILT_PRODUCTS_DIR}/GoogleToolboxForMac/GoogleToolboxForMac.framework",
				"${BUILT_PRODUCTS_DIR}/Realm/Realm.framework",
				"${BUILT_PRODUCTS_DIR}/RealmSwift/RealmSwift.framework",
				"${BUILT_PRODUCTS_DIR}/SVProgressHUD/SVProgressHUD.framework",
				"${BUILT_PRODUCTS_DIR}/leveldb-library/leveldb.framework",
				"${BUILT_PRODUCTS_DIR}/nanopb/nanopb.framework",
			);
			name = "[CP] Embed Pods Frameworks";
			outputPaths = (
				"${TARGET_BUILD_DIR}/${FRAMEWORKS_FOLDER_PATH}/GTMSessionFetcher.framework",
				"${TARGET_BUILD_DIR}/${FRAMEWORKS_FOLDER_PATH}/GoogleToolboxForMac.framework",
				"${TARGET_BUILD_DIR}/${FRAMEWORKS_FOLDER_PATH}/Realm.framework",
				"${TARGET_BUILD_DIR}/${FRAMEWORKS_FOLDER_PATH}/RealmSwift.framework",
				"${TARGET_BUILD_DIR}/${FRAMEWORKS_FOLDER_PATH}/SVProgressHUD.framework",
				"${TARGET_BUILD_DIR}/${FRAMEWORKS_FOLDER_PATH}/leveldb.framework",
				"${TARGET_BUILD_DIR}/${FRAMEWORKS_FOLDER_PATH}/nanopb.framework",
			);
			runOnlyForDeploymentPostprocessing = 0;
			shellPath = /bin/sh;
			shellScript = "\"${SRCROOT}/Pods/Target Support Files/Pods-Calender/Pods-Calender-frameworks.sh\"\n";
			showEnvVarsInLog = 0;
		};
		7F2DCC5D65682A01F3F45B61 /* [CP] Check Pods Manifest.lock */ = {
			isa = PBXShellScriptBuildPhase;
			buildActionMask = 2147483647;
			files = (
			);
			inputPaths = (
				"${PODS_PODFILE_DIR_PATH}/Podfile.lock",
				"${PODS_ROOT}/Manifest.lock",
			);
			name = "[CP] Check Pods Manifest.lock";
			outputPaths = (
				"$(DERIVED_FILE_DIR)/Pods-Calender-checkManifestLockResult.txt",
			);
			runOnlyForDeploymentPostprocessing = 0;
			shellPath = /bin/sh;
			shellScript = "diff \"${PODS_PODFILE_DIR_PATH}/Podfile.lock\" \"${PODS_ROOT}/Manifest.lock\" > /dev/null\nif [ $? != 0 ] ; then\n    # print error to STDERR\n    echo \"error: The sandbox is not in sync with the Podfile.lock. Run 'pod install' or update your CocoaPods installation.\" >&2\n    exit 1\nfi\n# This output is used by Xcode 'outputs' to avoid re-running this script phase.\necho \"SUCCESS\" > \"${SCRIPT_OUTPUT_FILE_0}\"\n";
			showEnvVarsInLog = 0;
		};
		D193C6038AF4934B3A4BE2EC /* [CP] Copy Pods Resources */ = {
			isa = PBXShellScriptBuildPhase;
			buildActionMask = 2147483647;
			files = (
			);
			inputPaths = (
			);
			name = "[CP] Copy Pods Resources";
			outputPaths = (
			);
			runOnlyForDeploymentPostprocessing = 0;
			shellPath = /bin/sh;
			shellScript = "\"${SRCROOT}/Pods/Target Support Files/Pods-CalenderTests/Pods-CalenderTests-resources.sh\"\n";
			showEnvVarsInLog = 0;
		};
		D6B7941B5455FFCA7004AD01 /* [CP] Embed Pods Frameworks */ = {
			isa = PBXShellScriptBuildPhase;
			buildActionMask = 2147483647;
			files = (
			);
			inputPaths = (
			);
			name = "[CP] Embed Pods Frameworks";
			outputPaths = (
			);
			runOnlyForDeploymentPostprocessing = 0;
			shellPath = /bin/sh;
			shellScript = "\"${SRCROOT}/Pods/Target Support Files/Pods-CalenderTests/Pods-CalenderTests-frameworks.sh\"\n";
			showEnvVarsInLog = 0;
		};
/* End PBXShellScriptBuildPhase section */

/* Begin PBXSourcesBuildPhase section */
		41D305E41E40A07A004031DA /* Sources */ = {
			isa = PBXSourcesBuildPhase;
			buildActionMask = 2147483647;
			files = (
				AA58D44E205296FB002AFC4A /* CustomSwitchTableViewCell.swift in Sources */,
				412342EF1FB1BF9200712D00 /* SettingController.swift in Sources */,
				AA3C7E1E2020853C004462CB /* FriendsController.swift in Sources */,
				41050ADA1FC5919D00C0A051 /* CellTryViewController.swift in Sources */,
				AA88F3AB2054E1B200324971 /* FriendViewController.swift in Sources */,
				412342F41FB1C24100712D00 /* DateManager.swift in Sources */,
				412342E31FB1BDE600712D00 /* ViewController.swift in Sources */,
				AA88F3B42054E4C800324971 /* CustomWeekCollectionViewCell.swift in Sources */,
				412342E51FB1BE6D00712D00 /* ShowController.swift in Sources */,
				41A706CB1E91F18900F43E9F /* Diary.swift in Sources */,
				AA58D44B20528B0F002AFC4A /* Util.swift in Sources */,
				4182FD861F55728D000E750E /* PlaceHolderTextView.swift in Sources */,
				41050AE21FCD70AD00C0A051 /* CustumTableCell.swift in Sources */,
				AA58D452205299B9002AFC4A /* CustumSettingTableViewCell.swift in Sources */,
				AA8BB538200DAC1C006D8C29 /* Extention.swift in Sources */,
				41122CB01F557F9700DA3612 /* DeviceSize.swift in Sources */,
				412342E91FB1BF2700712D00 /* EditController.swift in Sources */,
				AA8BB536200DAC0A006D8C29 /* ColorManeger.swift in Sources */,
				AA88F3A92054E0B000324971 /* FriendNameViewController.swift in Sources */,
				AA3C7E1C20207E94004462CB /* QRController.swift in Sources */,
				AA8BB53D200DC765006D8C29 /* CalendarCustomCell.swift in Sources */,
				41D305EC1E40A07A004031DA /* AppDelegate.swift in Sources */,
				413A6A71203C1C9000238BD2 /* User.swift in Sources */,
			);
			runOnlyForDeploymentPostprocessing = 0;
		};
		41D305F81E40A07A004031DA /* Sources */ = {
			isa = PBXSourcesBuildPhase;
			buildActionMask = 2147483647;
			files = (
				41D306011E40A07A004031DA /* CalenderTests.swift in Sources */,
			);
			runOnlyForDeploymentPostprocessing = 0;
		};
		41D306031E40A07A004031DA /* Sources */ = {
			isa = PBXSourcesBuildPhase;
			buildActionMask = 2147483647;
			files = (
				41D3060C1E40A07A004031DA /* CalenderUITests.swift in Sources */,
			);
			runOnlyForDeploymentPostprocessing = 0;
		};
/* End PBXSourcesBuildPhase section */

/* Begin PBXTargetDependency section */
		41D305FE1E40A07A004031DA /* PBXTargetDependency */ = {
			isa = PBXTargetDependency;
			target = 41D305E71E40A07A004031DA /* Calender */;
			targetProxy = 41D305FD1E40A07A004031DA /* PBXContainerItemProxy */;
		};
		41D306091E40A07A004031DA /* PBXTargetDependency */ = {
			isa = PBXTargetDependency;
			target = 41D305E71E40A07A004031DA /* Calender */;
			targetProxy = 41D306081E40A07A004031DA /* PBXContainerItemProxy */;
		};
/* End PBXTargetDependency section */

/* Begin PBXVariantGroup section */
		41A706CC1E92237B00F43E9F /* Main.storyboard */ = {
			isa = PBXVariantGroup;
			children = (
				41A706CD1E92237B00F43E9F /* Base */,
			);
			name = Main.storyboard;
			sourceTree = "<group>";
		};
		41D305F41E40A07A004031DA /* LaunchScreen.storyboard */ = {
			isa = PBXVariantGroup;
			children = (
				41D305F51E40A07A004031DA /* Base */,
			);
			name = LaunchScreen.storyboard;
			sourceTree = "<group>";
		};
/* End PBXVariantGroup section */

/* Begin XCBuildConfiguration section */
		41D3060E1E40A07A004031DA /* Debug */ = {
			isa = XCBuildConfiguration;
			buildSettings = {
				ALWAYS_SEARCH_USER_PATHS = NO;
				CLANG_ANALYZER_NONNULL = YES;
				CLANG_CXX_LANGUAGE_STANDARD = "gnu++0x";
				CLANG_CXX_LIBRARY = "libc++";
				CLANG_ENABLE_MODULES = YES;
				CLANG_ENABLE_OBJC_ARC = YES;
				CLANG_WARN_BOOL_CONVERSION = YES;
				CLANG_WARN_CONSTANT_CONVERSION = YES;
				CLANG_WARN_DIRECT_OBJC_ISA_USAGE = YES_ERROR;
				CLANG_WARN_EMPTY_BODY = YES;
				CLANG_WARN_ENUM_CONVERSION = YES;
				CLANG_WARN_INT_CONVERSION = YES;
				CLANG_WARN_OBJC_ROOT_CLASS = YES_ERROR;
				CLANG_WARN_UNREACHABLE_CODE = YES;
				CLANG_WARN__DUPLICATE_METHOD_MATCH = YES;
				"CODE_SIGN_IDENTITY[sdk=iphoneos*]" = "iPhone Developer";
				COPY_PHASE_STRIP = NO;
				DEBUG_INFORMATION_FORMAT = dwarf;
				ENABLE_STRICT_OBJC_MSGSEND = YES;
				ENABLE_TESTABILITY = YES;
				GCC_C_LANGUAGE_STANDARD = gnu99;
				GCC_DYNAMIC_NO_PIC = NO;
				GCC_NO_COMMON_BLOCKS = YES;
				GCC_OPTIMIZATION_LEVEL = 0;
				GCC_PREPROCESSOR_DEFINITIONS = (
					"DEBUG=1",
					"$(inherited)",
				);
				GCC_WARN_64_TO_32_BIT_CONVERSION = YES;
				GCC_WARN_ABOUT_RETURN_TYPE = YES_ERROR;
				GCC_WARN_UNDECLARED_SELECTOR = YES;
				GCC_WARN_UNINITIALIZED_AUTOS = YES_AGGRESSIVE;
				GCC_WARN_UNUSED_FUNCTION = YES;
				GCC_WARN_UNUSED_VARIABLE = YES;
				IPHONEOS_DEPLOYMENT_TARGET = 11.1;
				MTL_ENABLE_DEBUG_INFO = YES;
				ONLY_ACTIVE_ARCH = YES;
				SDKROOT = iphoneos;
				SWIFT_OPTIMIZATION_LEVEL = "-Onone";
			};
			name = Debug;
		};
		41D3060F1E40A07A004031DA /* Release */ = {
			isa = XCBuildConfiguration;
			buildSettings = {
				ALWAYS_SEARCH_USER_PATHS = NO;
				CLANG_ANALYZER_NONNULL = YES;
				CLANG_CXX_LANGUAGE_STANDARD = "gnu++0x";
				CLANG_CXX_LIBRARY = "libc++";
				CLANG_ENABLE_MODULES = YES;
				CLANG_ENABLE_OBJC_ARC = YES;
				CLANG_WARN_BOOL_CONVERSION = YES;
				CLANG_WARN_CONSTANT_CONVERSION = YES;
				CLANG_WARN_DIRECT_OBJC_ISA_USAGE = YES_ERROR;
				CLANG_WARN_EMPTY_BODY = YES;
				CLANG_WARN_ENUM_CONVERSION = YES;
				CLANG_WARN_INT_CONVERSION = YES;
				CLANG_WARN_OBJC_ROOT_CLASS = YES_ERROR;
				CLANG_WARN_UNREACHABLE_CODE = YES;
				CLANG_WARN__DUPLICATE_METHOD_MATCH = YES;
				"CODE_SIGN_IDENTITY[sdk=iphoneos*]" = "iPhone Developer";
				COPY_PHASE_STRIP = NO;
				DEBUG_INFORMATION_FORMAT = "dwarf-with-dsym";
				ENABLE_NS_ASSERTIONS = NO;
				ENABLE_STRICT_OBJC_MSGSEND = YES;
				GCC_C_LANGUAGE_STANDARD = gnu99;
				GCC_NO_COMMON_BLOCKS = YES;
				GCC_WARN_64_TO_32_BIT_CONVERSION = YES;
				GCC_WARN_ABOUT_RETURN_TYPE = YES_ERROR;
				GCC_WARN_UNDECLARED_SELECTOR = YES;
				GCC_WARN_UNINITIALIZED_AUTOS = YES_AGGRESSIVE;
				GCC_WARN_UNUSED_FUNCTION = YES;
				GCC_WARN_UNUSED_VARIABLE = YES;
				IPHONEOS_DEPLOYMENT_TARGET = 11.1;
				MTL_ENABLE_DEBUG_INFO = NO;
				SDKROOT = iphoneos;
				VALIDATE_PRODUCT = YES;
			};
			name = Release;
		};
		41D306111E40A07A004031DA /* Debug */ = {
			isa = XCBuildConfiguration;
			baseConfigurationReference = 624F444C1D9793F3949F1E5D /* Pods-Calender.debug.xcconfig */;
			buildSettings = {
				ASSETCATALOG_COMPILER_APPICON_NAME = AppIcon;
				CLANG_ENABLE_MODULES = YES;
				CODE_SIGN_IDENTITY = "iPhone Developer";
				"CODE_SIGN_IDENTITY[sdk=iphoneos*]" = "iPhone Developer";
				DEVELOPMENT_TEAM = KRD3HBM28P;
				INFOPLIST_FILE = Calender/Info.plist;
				IPHONEOS_DEPLOYMENT_TARGET = 9.3;
				LD_RUNPATH_SEARCH_PATHS = "$(inherited) @executable_path/Frameworks";
				PRODUCT_BUNDLE_IDENTIFIER = hazuki.CalenderApp;
				PRODUCT_NAME = "$(TARGET_NAME)";
				PROVISIONING_PROFILE = "";
				SWIFT_OBJC_BRIDGING_HEADER = "Calender/Calender-Bridging-Header.h";
				SWIFT_OPTIMIZATION_LEVEL = "-Onone";
				SWIFT_VERSION = 3.0;
			};
			name = Debug;
		};
		41D306121E40A07A004031DA /* Release */ = {
			isa = XCBuildConfiguration;
			baseConfigurationReference = 40BF2B74CF66677194A50F8B /* Pods-Calender.release.xcconfig */;
			buildSettings = {
				ASSETCATALOG_COMPILER_APPICON_NAME = AppIcon;
				CLANG_ENABLE_MODULES = YES;
				CODE_SIGN_IDENTITY = "iPhone Developer";
				"CODE_SIGN_IDENTITY[sdk=iphoneos*]" = "iPhone Developer";
				DEVELOPMENT_TEAM = KRD3HBM28P;
				INFOPLIST_FILE = Calender/Info.plist;
				IPHONEOS_DEPLOYMENT_TARGET = 9.3;
				LD_RUNPATH_SEARCH_PATHS = "$(inherited) @executable_path/Frameworks";
				PRODUCT_BUNDLE_IDENTIFIER = hazuki.CalenderApp;
				PRODUCT_NAME = "$(TARGET_NAME)";
				PROVISIONING_PROFILE = "";
				SWIFT_OBJC_BRIDGING_HEADER = "Calender/Calender-Bridging-Header.h";
				SWIFT_VERSION = 3.0;
			};
			name = Release;
		};
		41D306141E40A07A004031DA /* Debug */ = {
			isa = XCBuildConfiguration;
			baseConfigurationReference = 10497BCFCBE4761E2A90B92F /* Pods-CalenderTests.debug.xcconfig */;
			buildSettings = {
				BUNDLE_LOADER = "$(TEST_HOST)";
				INFOPLIST_FILE = CalenderTests/Info.plist;
				LD_RUNPATH_SEARCH_PATHS = "$(inherited) @executable_path/Frameworks @loader_path/Frameworks";
				PRODUCT_BUNDLE_IDENTIFIER = litech.CalenderTests;
				PRODUCT_NAME = "$(TARGET_NAME)";
				SWIFT_VERSION = 3.0;
				TEST_HOST = "$(BUILT_PRODUCTS_DIR)/Calender.app/Calender";
			};
			name = Debug;
		};
		41D306151E40A07A004031DA /* Release */ = {
			isa = XCBuildConfiguration;
			baseConfigurationReference = 5370A4A5F59C17E94D2185D7 /* Pods-CalenderTests.release.xcconfig */;
			buildSettings = {
				BUNDLE_LOADER = "$(TEST_HOST)";
				INFOPLIST_FILE = CalenderTests/Info.plist;
				LD_RUNPATH_SEARCH_PATHS = "$(inherited) @executable_path/Frameworks @loader_path/Frameworks";
				PRODUCT_BUNDLE_IDENTIFIER = litech.CalenderTests;
				PRODUCT_NAME = "$(TARGET_NAME)";
				SWIFT_VERSION = 3.0;
				TEST_HOST = "$(BUILT_PRODUCTS_DIR)/Calender.app/Calender";
			};
			name = Release;
		};
		41D306171E40A07A004031DA /* Debug */ = {
			isa = XCBuildConfiguration;
			baseConfigurationReference = BD39B833FED21B8A6B921758 /* Pods-CalenderUITests.debug.xcconfig */;
			buildSettings = {
				INFOPLIST_FILE = CalenderUITests/Info.plist;
				LD_RUNPATH_SEARCH_PATHS = "$(inherited) @executable_path/Frameworks @loader_path/Frameworks";
				PRODUCT_BUNDLE_IDENTIFIER = litech.CalenderUITests;
				PRODUCT_NAME = "$(TARGET_NAME)";
				SWIFT_VERSION = 3.0;
				TEST_TARGET_NAME = Calender;
			};
			name = Debug;
		};
		41D306181E40A07A004031DA /* Release */ = {
			isa = XCBuildConfiguration;
			baseConfigurationReference = FD886455AC8993B62C2F0ACA /* Pods-CalenderUITests.release.xcconfig */;
			buildSettings = {
				INFOPLIST_FILE = CalenderUITests/Info.plist;
				LD_RUNPATH_SEARCH_PATHS = "$(inherited) @executable_path/Frameworks @loader_path/Frameworks";
				PRODUCT_BUNDLE_IDENTIFIER = litech.CalenderUITests;
				PRODUCT_NAME = "$(TARGET_NAME)";
				SWIFT_VERSION = 3.0;
				TEST_TARGET_NAME = Calender;
			};
			name = Release;
		};
/* End XCBuildConfiguration section */

/* Begin XCConfigurationList section */
		41D305E31E40A07A004031DA /* Build configuration list for PBXProject "Calender" */ = {
			isa = XCConfigurationList;
			buildConfigurations = (
				41D3060E1E40A07A004031DA /* Debug */,
				41D3060F1E40A07A004031DA /* Release */,
			);
			defaultConfigurationIsVisible = 0;
			defaultConfigurationName = Release;
		};
		41D306101E40A07A004031DA /* Build configuration list for PBXNativeTarget "Calender" */ = {
			isa = XCConfigurationList;
			buildConfigurations = (
				41D306111E40A07A004031DA /* Debug */,
				41D306121E40A07A004031DA /* Release */,
			);
			defaultConfigurationIsVisible = 0;
			defaultConfigurationName = Release;
		};
		41D306131E40A07A004031DA /* Build configuration list for PBXNativeTarget "CalenderTests" */ = {
			isa = XCConfigurationList;
			buildConfigurations = (
				41D306141E40A07A004031DA /* Debug */,
				41D306151E40A07A004031DA /* Release */,
			);
			defaultConfigurationIsVisible = 0;
			defaultConfigurationName = Release;
		};
		41D306161E40A07A004031DA /* Build configuration list for PBXNativeTarget "CalenderUITests" */ = {
			isa = XCConfigurationList;
			buildConfigurations = (
				41D306171E40A07A004031DA /* Debug */,
				41D306181E40A07A004031DA /* Release */,
			);
			defaultConfigurationIsVisible = 0;
			defaultConfigurationName = Release;
		};
/* End XCConfigurationList section */
	};
	rootObject = 41D305E01E40A07A004031DA /* Project object */;
}
