// !$*UTF8*$!
{
	archiveVersion = 1;
	classes = {
	};
	objectVersion = 46;
	objects = {

/* Begin PBXBuildFile section */
		41D305EC1E40A07A004031DA /* AppDelegate.swift in Sources */ = {isa = PBXBuildFile; fileRef = 41D305EB1E40A07A004031DA /* AppDelegate.swift */; };
		41D305EE1E40A07A004031DA /* ViewController.swift in Sources */ = {isa = PBXBuildFile; fileRef = 41D305ED1E40A07A004031DA /* ViewController.swift */; };
		41D305F11E40A07A004031DA /* Main.storyboard in Resources */ = {isa = PBXBuildFile; fileRef = 41D305EF1E40A07A004031DA /* Main.storyboard */; };
		41D305F31E40A07A004031DA /* Assets.xcassets in Resources */ = {isa = PBXBuildFile; fileRef = 41D305F21E40A07A004031DA /* Assets.xcassets */; };
		41D305F61E40A07A004031DA /* LaunchScreen.storyboard in Resources */ = {isa = PBXBuildFile; fileRef = 41D305F41E40A07A004031DA /* LaunchScreen.storyboard */; };
		41D306011E40A07A004031DA /* CalenderTests.swift in Sources */ = {isa = PBXBuildFile; fileRef = 41D306001E40A07A004031DA /* CalenderTests.swift */; };
		41D3060C1E40A07A004031DA /* CalenderUITests.swift in Sources */ = {isa = PBXBuildFile; fileRef = 41D3060B1E40A07A004031DA /* CalenderUITests.swift */; };
/* End PBXBuildFile section */

/* Begin PBXContainerItemProxy section */
		41D305FD1E40A07A004031DA /* PBXContainerItemProxy */ = {
			isa = PBXContainerItemProxy;
			containerPortal = 41D305E01E40A07A004031DA /* Project object */;
			proxyType = 1;
			remoteGlobalIDString = 41D305E71E40A07A004031DA;
			remoteInfo = Calender;
		};
		41D306081E40A07A004031DA /* PBXContainerItemProxy */ = {
			isa = PBXContainerItemProxy;
			containerPortal = 41D305E01E40A07A004031DA /* Project object */;
			proxyType = 1;
			remoteGlobalIDString = 41D305E71E40A07A004031DA;
			remoteInfo = Calender;
		};
/* End PBXContainerItemProxy section */

/* Begin PBXFileReference section */
		41D305E81E40A07A004031DA /* Calender.app */ = {isa = PBXFileReference; explicitFileType = wrapper.application; includeInIndex = 0; path = Calender.app; sourceTree = BUILT_PRODUCTS_DIR; };
		41D305EB1E40A07A004031DA /* AppDelegate.swift */ = {isa = PBXFileReference; lastKnownFileType = sourcecode.swift; path = AppDelegate.swift; sourceTree = "<group>"; };
		41D305ED1E40A07A004031DA /* ViewController.swift */ = {isa = PBXFileReference; lastKnownFileType = sourcecode.swift; path = ViewController.swift; sourceTree = "<group>"; };
		41D305F01E40A07A004031DA /* Base */ = {isa = PBXFileReference; lastKnownFileType = file.storyboard; name = Base; path = Base.lproj/Main.storyboard; sourceTree = "<group>"; };
		41D305F21E40A07A004031DA /* Assets.xcassets */ = {isa = PBXFileReference; lastKnownFileType = folder.assetcatalog; path = Assets.xcassets; sourceTree = "<group>"; };
		41D305F51E40A07A004031DA /* Base */ = {isa = PBXFileReference; lastKnownFileType = file.storyboard; name = Base; path = Base.lproj/LaunchScreen.storyboard; sourceTree = "<group>"; };
		41D305F71E40A07A004031DA /* Info.plist */ = {isa = PBXFileReference; lastKnownFileType = text.plist.xml; path = Info.plist; sourceTree = "<group>"; };
		41D305FC1E40A07A004031DA /* CalenderTests.xctest */ = {isa = PBXFileReference; explicitFileType = wrapper.cfbundle; includeInIndex = 0; path = CalenderTests.xctest; sourceTree = BUILT_PRODUCTS_DIR; };
		41D306001E40A07A004031DA /* CalenderTests.swift */ = {isa = PBXFileReference; lastKnownFileType = sourcecode.swift; path = CalenderTests.swift; sourceTree = "<group>"; };
		41D306021E40A07A004031DA /* Info.plist */ = {isa = PBXFileReference; lastKnownFileType = text.plist.xml; path = Info.plist; sourceTree = "<group>"; };
		41D306071E40A07A004031DA /* CalenderUITests.xctest */ = {isa = PBXFileReference; explicitFileType = wrapper.cfbundle; includeInIndex = 0; path = CalenderUITests.xctest; sourceTree = BUILT_PRODUCTS_DIR; };
		41D3060B1E40A07A004031DA /* CalenderUITests.swift */ = {isa = PBXFileReference; lastKnownFileType = sourcecode.swift; path = CalenderUITests.swift; sourceTree = "<group>"; };
		41D3060D1E40A07A004031DA /* Info.plist */ = {isa = PBXFileReference; lastKnownFileType = text.plist.xml; path = Info.plist; sourceTree = "<group>"; };
/* End PBXFileReference section */

/* Begin PBXFrameworksBuildPhase section */
		41D305E51E40A07A004031DA /* Frameworks */ = {
			isa = PBXFrameworksBuildPhase;
			buildActionMask = 2147483647;
			files = (
			);
			runOnlyForDeploymentPostprocessing = 0;
		};
		41D305F91E40A07A004031DA /* Frameworks */ = {
			isa = PBXFrameworksBuildPhase;
			buildActionMask = 2147483647;
			files = (
			);
			runOnlyForDeploymentPostprocessing = 0;
		};
		41D306041E40A07A004031DA /* Frameworks */ = {
			isa = PBXFrameworksBuildPhase;
			buildActionMask = 2147483647;
			files = (
			);
			runOnlyForDeploymentPostprocessing = 0;
		};
/* End PBXFrameworksBuildPhase section */

/* Begin PBXGroup section */
		41D305DF1E40A07A004031DA = {
			isa = PBXGroup;
			children = (
				41D305EA1E40A07A004031DA /* Calender */,
				41D305FF1E40A07A004031DA /* CalenderTests */,
				41D3060A1E40A07A004031DA /* CalenderUITests */,
				41D305E91E40A07A004031DA /* Products */,
			);
			sourceTree = "<group>";
		};
		41D305E91E40A07A004031DA /* Products */ = {
			isa = PBXGroup;
			children = (
				41D305E81E40A07A004031DA /* Calender.app */,
				41D305FC1E40A07A004031DA /* CalenderTests.xctest */,
				41D306071E40A07A004031DA /* CalenderUITests.xctest */,
			);
			name = Products;
			sourceTree = "<group>";
		};
		41D305EA1E40A07A004031DA /* Calender */ = {
			isa = PBXGroup;
			children = (
				41D305EB1E40A07A004031DA /* AppDelegate.swift */,
				41D305ED1E40A07A004031DA /* ViewController.swift */,
				41D305EF1E40A07A004031DA /* Main.storyboard */,
				41D305F21E40A07A004031DA /* Assets.xcassets */,
				41D305F41E40A07A004031DA /* LaunchScreen.storyboard */,
				41D305F71E40A07A004031DA /* Info.plist */,
			);
			path = Calender;
			sourceTree = "<group>";
		};
		41D305FF1E40A07A004031DA /* CalenderTests */ = {
			isa = PBXGroup;
			children = (
				41D306001E40A07A004031DA /* CalenderTests.swift */,
				41D306021E40A07A004031DA /* Info.plist */,
			);
			path = CalenderTests;
			sourceTree = "<group>";
		};
		41D3060A1E40A07A004031DA /* CalenderUITests */ = {
			isa = PBXGroup;
			children = (
				41D3060B1E40A07A004031DA /* CalenderUITests.swift */,
				41D3060D1E40A07A004031DA /* Info.plist */,
			);
			path = CalenderUITests;
			sourceTree = "<group>";
		};
/* End PBXGroup section */

/* Begin PBXNativeTarget section */
		41D305E71E40A07A004031DA /* Calender */ = {
			isa = PBXNativeTarget;
			buildConfigurationList = 41D306101E40A07A004031DA /* Build configuration list for PBXNativeTarget "Calender" */;
			buildPhases = (
				41D305E41E40A07A004031DA /* Sources */,
				41D305E51E40A07A004031DA /* Frameworks */,
				41D305E61E40A07A004031DA /* Resources */,
			);
			buildRules = (
			);
			dependencies = (
			);
			name = Calender;
			productName = Calender;
			productReference = 41D305E81E40A07A004031DA /* Calender.app */;
			productType = "com.apple.product-type.application";
		};
		41D305FB1E40A07A004031DA /* CalenderTests */ = {
			isa = PBXNativeTarget;
			buildConfigurationList = 41D306131E40A07A004031DA /* Build configuration list for PBXNativeTarget "CalenderTests" */;
			buildPhases = (
				41D305F81E40A07A004031DA /* Sources */,
				41D305F91E40A07A004031DA /* Frameworks */,
				41D305FA1E40A07A004031DA /* Resources */,
			);
			buildRules = (
			);
			dependencies = (
				41D305FE1E40A07A004031DA /* PBXTargetDependency */,
			);
			name = CalenderTests;
			productName = CalenderTests;
			productReference = 41D305FC1E40A07A004031DA /* CalenderTests.xctest */;
			productType = "com.apple.product-type.bundle.unit-test";
		};
		41D306061E40A07A004031DA /* CalenderUITests */ = {
			isa = PBXNativeTarget;
			buildConfigurationList = 41D306161E40A07A004031DA /* Build configuration list for PBXNativeTarget "CalenderUITests" */;
			buildPhases = (
				41D306031E40A07A004031DA /* Sources */,
				41D306041E40A07A004031DA /* Frameworks */,
				41D306051E40A07A004031DA /* Resources */,
			);
			buildRules = (
			);
			dependencies = (
				41D306091E40A07A004031DA /* PBXTargetDependency */,
			);
			name = CalenderUITests;
			productName = CalenderUITests;
			productReference = 41D306071E40A07A004031DA /* CalenderUITests.xctest */;
			productType = "com.apple.product-type.bundle.ui-testing";
		};
/* End PBXNativeTarget section */

/* Begin PBXProject section */
		41D305E01E40A07A004031DA /* Project object */ = {
			isa = PBXProject;
			attributes = {
				LastSwiftUpdateCheck = 0730;
				LastUpgradeCheck = 0730;
				ORGANIZATIONNAME = hazuki;
				TargetAttributes = {
					41D305E71E40A07A004031DA = {
						CreatedOnToolsVersion = 7.3.1;
					};
					41D305FB1E40A07A004031DA = {
						CreatedOnToolsVersion = 7.3.1;
						TestTargetID = 41D305E71E40A07A004031DA;
					};
					41D306061E40A07A004031DA = {
						CreatedOnToolsVersion = 7.3.1;
						TestTargetID = 41D305E71E40A07A004031DA;
					};
				};
			};
			buildConfigurationList = 41D305E31E40A07A004031DA /* Build configuration list for PBXProject "Calender" */;
			compatibilityVersion = "Xcode 3.2";
			developmentRegion = English;
			hasScannedForEncodings = 0;
			knownRegions = (
				en,
				Base,
			);
			mainGroup = 41D305DF1E40A07A004031DA;
			productRefGroup = 41D305E91E40A07A004031DA /* Products */;
			projectDirPath = "";
			projectRoot = "";
			targets = (
				41D305E71E40A07A004031DA /* Calender */,
				41D305FB1E40A07A004031DA /* CalenderTests */,
				41D306061E40A07A004031DA /* CalenderUITests */,
			);
		};
/* End PBXProject section */

/* Begin PBXResourcesBuildPhase section */
		41D305E61E40A07A004031DA /* Resources */ = {
			isa = PBXResourcesBuildPhase;
			buildActionMask = 2147483647;
			files = (
				41D305F61E40A07A004031DA /* LaunchScreen.storyboard in Resources */,
				41D305F31E40A07A004031DA /* Assets.xcassets in Resources */,
				41D305F11E40A07A004031DA /* Main.storyboard in Resources */,
			);
			runOnlyForDeploymentPostprocessing = 0;
		};
		41D305FA1E40A07A004031DA /* Resources */ = {
			isa = PBXResourcesBuildPhase;
			buildActionMask = 2147483647;
			files = (
			);
			runOnlyForDeploymentPostprocessing = 0;
		};
		41D306051E40A07A004031DA /* Resources */ = {
			isa = PBXResourcesBuildPhase;
			buildActionMask = 2147483647;
			files = (
			);
			runOnlyForDeploymentPostprocessing = 0;
		};
/* End PBXResourcesBuildPhase section */

/* Begin PBXSourcesBuildPhase section */
		41D305E41E40A07A004031DA /* Sources */ = {
			isa = PBXSourcesBuildPhase;
			buildActionMask = 2147483647;
			files = (
				41D305EE1E40A07A004031DA /* ViewController.swift in Sources */,
				41D305EC1E40A07A004031DA /* AppDelegate.swift in Sources */,
			);
			runOnlyForDeploymentPostprocessing = 0;
		};
		41D305F81E40A07A004031DA /* Sources */ = {
			isa = PBXSourcesBuildPhase;
			buildActionMask = 2147483647;
			files = (
				41D306011E40A07A004031DA /* CalenderTests.swift in Sources */,
			);
			runOnlyForDeploymentPostprocessing = 0;
		};
		41D306031E40A07A004031DA /* Sources */ = {
			isa = PBXSourcesBuildPhase;
			buildActionMask = 2147483647;
			files = (
				41D3060C1E40A07A004031DA /* CalenderUITests.swift in Sources */,
			);
			runOnlyForDeploymentPostprocessing = 0;
		};
/* End PBXSourcesBuildPhase section */

/* Begin PBXTargetDependency section */
		41D305FE1E40A07A004031DA /* PBXTargetDependency */ = {
			isa = PBXTargetDependency;
			target = 41D305E71E40A07A004031DA /* Calender */;
			targetProxy = 41D305FD1E40A07A004031DA /* PBXContainerItemProxy */;
		};
		41D306091E40A07A004031DA /* PBXTargetDependency */ = {
			isa = PBXTargetDependency;
			target = 41D305E71E40A07A004031DA /* Calender */;
			targetProxy = 41D306081E40A07A004031DA /* PBXContainerItemProxy */;
		};
/* End PBXTargetDependency section */

/* Begin PBXVariantGroup section */
		41D305EF1E40A07A004031DA /* Main.storyboard */ = {
			isa = PBXVariantGroup;
			children = (
				41D305F01E40A07A004031DA /* Base */,
			);
			name = Main.storyboard;
			sourceTree = "<group>";
		};
		41D305F41E40A07A004031DA /* LaunchScreen.storyboard */ = {
			isa = PBXVariantGroup;
			children = (
				41D305F51E40A07A004031DA /* Base */,
			);
			name = LaunchScreen.storyboard;
			sourceTree = "<group>";
		};
/* End PBXVariantGroup section */

/* Begin XCBuildConfiguration section */
		41D3060E1E40A07A004031DA /* Debug */ = {
			isa = XCBuildConfiguration;
			buildSettings = {
				ALWAYS_SEARCH_USER_PATHS = NO;
				CLANG_ANALYZER_NONNULL = YES;
				CLANG_CXX_LANGUAGE_STANDARD = "gnu++0x";
				CLANG_CXX_LIBRARY = "libc++";
				CLANG_ENABLE_MODULES = YES;
				CLANG_ENABLE_OBJC_ARC = YES;
				CLANG_WARN_BOOL_CONVERSION = YES;
				CLANG_WARN_CONSTANT_CONVERSION = YES;
				CLANG_WARN_DIRECT_OBJC_ISA_USAGE = YES_ERROR;
				CLANG_WARN_EMPTY_BODY = YES;
				CLANG_WARN_ENUM_CONVERSION = YES;
				CLANG_WARN_INT_CONVERSION = YES;
				CLANG_WARN_OBJC_ROOT_CLASS = YES_ERROR;
				CLANG_WARN_UNREACHABLE_CODE = YES;
				CLANG_WARN__DUPLICATE_METHOD_MATCH = YES;
				"CODE_SIGN_IDENTITY[sdk=iphoneos*]" = "iPhone Developer";
				COPY_PHASE_STRIP = NO;
				DEBUG_INFORMATION_FORMAT = dwarf;
				ENABLE_STRICT_OBJC_MSGSEND = YES;
				ENABLE_TESTABILITY = YES;
				GCC_C_LANGUAGE_STANDARD = gnu99;
				GCC_DYNAMIC_NO_PIC = NO;
				GCC_NO_COMMON_BLOCKS = YES;
				GCC_OPTIMIZATION_LEVEL = 0;
				GCC_PREPROCESSOR_DEFINITIONS = (
					"DEBUG=1",
					"$(inherited)",
				);
				GCC_WARN_64_TO_32_BIT_CONVERSION = YES;
				GCC_WARN_ABOUT_RETURN_TYPE = YES_ERROR;
				GCC_WARN_UNDECLARED_SELECTOR = YES;
				GCC_WARN_UNINITIALIZED_AUTOS = YES_AGGRESSIVE;
				GCC_WARN_UNUSED_FUNCTION = YES;
				GCC_WARN_UNUSED_VARIABLE = YES;
				IPHONEOS_DEPLOYMENT_TARGET = 9.3;
				MTL_ENABLE_DEBUG_INFO = YES;
				ONLY_ACTIVE_ARCH = YES;
				SDKROOT = iphoneos;
				SWIFT_OPTIMIZATION_LEVEL = "-Onone";
			};
			name = Debug;
		};
		41D3060F1E40A07A004031DA /* Release */ = {
			isa = XCBuildConfiguration;
			buildSettings = {
				ALWAYS_SEARCH_USER_PATHS = NO;
				CLANG_ANALYZER_NONNULL = YES;
				CLANG_CXX_LANGUAGE_STANDARD = "gnu++0x";
				CLANG_CXX_LIBRARY = "libc++";
				CLANG_ENABLE_MODULES = YES;
				CLANG_ENABLE_OBJC_ARC = YES;
				CLANG_WARN_BOOL_CONVERSION = YES;
				CLANG_WARN_CONSTANT_CONVERSION = YES;
				CLANG_WARN_DIRECT_OBJC_ISA_USAGE = YES_ERROR;
				CLANG_WARN_EMPTY_BODY = YES;
				CLANG_WARN_ENUM_CONVERSION = YES;
				CLANG_WARN_INT_CONVERSION = YES;
				CLANG_WARN_OBJC_ROOT_CLASS = YES_ERROR;
				CLANG_WARN_UNREACHABLE_CODE = YES;
				CLANG_WARN__DUPLICATE_METHOD_MATCH = YES;
				"CODE_SIGN_IDENTITY[sdk=iphoneos*]" = "iPhone Developer";
				COPY_PHASE_STRIP = NO;
				DEBUG_INFORMATION_FORMAT = "dwarf-with-dsym";
				ENABLE_NS_ASSERTIONS = NO;
				ENABLE_STRICT_OBJC_MSGSEND = YES;
				GCC_C_LANGUAGE_STANDARD = gnu99;
				GCC_NO_COMMON_BLOCKS = YES;
				GCC_WARN_64_TO_32_BIT_CONVERSION = YES;
				GCC_WARN_ABOUT_RETURN_TYPE = YES_ERROR;
				GCC_WARN_UNDECLARED_SELECTOR = YES;
				GCC_WARN_UNINITIALIZED_AUTOS = YES_AGGRESSIVE;
				GCC_WARN_UNUSED_FUNCTION = YES;
				GCC_WARN_UNUSED_VARIABLE = YES;
				IPHONEOS_DEPLOYMENT_TARGET = 9.3;
				MTL_ENABLE_DEBUG_INFO = NO;
				SDKROOT = iphoneos;
				VALIDATE_PRODUCT = YES;
			};
			name = Release;
		};
		41D306111E40A07A004031DA /* Debug */ = {
			isa = XCBuildConfiguration;
			buildSettings = {
				ASSETCATALOG_COMPILER_APPICON_NAME = AppIcon;
				INFOPLIST_FILE = Calender/Info.plist;
				LD_RUNPATH_SEARCH_PATHS = "$(inherited) @executable_path/Frameworks";
				PRODUCT_BUNDLE_IDENTIFIER = litech.Calender;
				PRODUCT_NAME = "$(TARGET_NAME)";
			};
			name = Debug;
		};
		41D306121E40A07A004031DA /* Release */ = {
			isa = XCBuildConfiguration;
			buildSettings = {
				ASSETCATALOG_COMPILER_APPICON_NAME = AppIcon;
				INFOPLIST_FILE = Calender/Info.plist;
				LD_RUNPATH_SEARCH_PATHS = "$(inherited) @executable_path/Frameworks";
				PRODUCT_BUNDLE_IDENTIFIER = litech.Calender;
				PRODUCT_NAME = "$(TARGET_NAME)";
			};
			name = Release;
		};
		41D306141E40A07A004031DA /* Debug */ = {
			isa = XCBuildConfiguration;
			buildSettings = {
				BUNDLE_LOADER = "$(TEST_HOST)";
				INFOPLIST_FILE = CalenderTests/Info.plist;
				LD_RUNPATH_SEARCH_PATHS = "$(inherited) @executable_path/Frameworks @loader_path/Frameworks";
				PRODUCT_BUNDLE_IDENTIFIER = litech.CalenderTests;
				PRODUCT_NAME = "$(TARGET_NAME)";
				TEST_HOST = "$(BUILT_PRODUCTS_DIR)/Calender.app/Calender";
			};
			name = Debug;
		};
		41D306151E40A07A004031DA /* Release */ = {
			isa = XCBuildConfiguration;
			buildSettings = {
				BUNDLE_LOADER = "$(TEST_HOST)";
				INFOPLIST_FILE = CalenderTests/Info.plist;
				LD_RUNPATH_SEARCH_PATHS = "$(inherited) @executable_path/Frameworks @loader_path/Frameworks";
				PRODUCT_BUNDLE_IDENTIFIER = litech.CalenderTests;
				PRODUCT_NAME = "$(TARGET_NAME)";
				TEST_HOST = "$(BUILT_PRODUCTS_DIR)/Calender.app/Calender";
			};
			name = Release;
		};
		41D306171E40A07A004031DA /* Debug */ = {
			isa = XCBuildConfiguration;
			buildSettings = {
				INFOPLIST_FILE = CalenderUITests/Info.plist;
				LD_RUNPATH_SEARCH_PATHS = "$(inherited) @executable_path/Frameworks @loader_path/Frameworks";
				PRODUCT_BUNDLE_IDENTIFIER = litech.CalenderUITests;
				PRODUCT_NAME = "$(TARGET_NAME)";
				TEST_TARGET_NAME = Calender;
			};
			name = Debug;
		};
		41D306181E40A07A004031DA /* Release */ = {
			isa = XCBuildConfiguration;
			buildSettings = {
				INFOPLIST_FILE = CalenderUITests/Info.plist;
				LD_RUNPATH_SEARCH_PATHS = "$(inherited) @executable_path/Frameworks @loader_path/Frameworks";
				PRODUCT_BUNDLE_IDENTIFIER = litech.CalenderUITests;
				PRODUCT_NAME = "$(TARGET_NAME)";
				TEST_TARGET_NAME = Calender;
			};
			name = Release;
		};
/* End XCBuildConfiguration section */

/* Begin XCConfigurationList section */
		41D305E31E40A07A004031DA /* Build configuration list for PBXProject "Calender" */ = {
			isa = XCConfigurationList;
			buildConfigurations = (
				41D3060E1E40A07A004031DA /* Debug */,
				41D3060F1E40A07A004031DA /* Release */,
			);
			defaultConfigurationIsVisible = 0;
			defaultConfigurationName = Release;
		};
		41D306101E40A07A004031DA /* Build configuration list for PBXNativeTarget "Calender" */ = {
			isa = XCConfigurationList;
			buildConfigurations = (
				41D306111E40A07A004031DA /* Debug */,
				41D306121E40A07A004031DA /* Release */,
			);
			defaultConfigurationIsVisible = 0;
		};
		41D306131E40A07A004031DA /* Build configuration list for PBXNativeTarget "CalenderTests" */ = {
			isa = XCConfigurationList;
			buildConfigurations = (
				41D306141E40A07A004031DA /* Debug */,
				41D306151E40A07A004031DA /* Release */,
			);
			defaultConfigurationIsVisible = 0;
		};
		41D306161E40A07A004031DA /* Build configuration list for PBXNativeTarget "CalenderUITests" */ = {
			isa = XCConfigurationList;
			buildConfigurations = (
				41D306171E40A07A004031DA /* Debug */,
				41D306181E40A07A004031DA /* Release */,
			);
			defaultConfigurationIsVisible = 0;
		};
/* End XCConfigurationList section */
	};
	rootObject = 41D305E01E40A07A004031DA /* Project object */;
}
